// !$*UTF8*$!
{
	archiveVersion = 1;
	classes = {
	};
	objectVersion = 56;
	objects = {

/* Begin PBXBuildFile section */
		9E03F8312A4A5CB8002DB130 /* AppDelegate.m in Sources */ = {isa = PBXBuildFile; fileRef = 9E03F8302A4A5CB8002DB130 /* AppDelegate.m */; };
		9E03F8342A4A5CB8002DB130 /* SceneDelegate.m in Sources */ = {isa = PBXBuildFile; fileRef = 9E03F8332A4A5CB8002DB130 /* SceneDelegate.m */; };
		9E03F8372A4A5CB8002DB130 /* ViewController.m in Sources */ = {isa = PBXBuildFile; fileRef = 9E03F8362A4A5CB8002DB130 /* ViewController.m */; };
		9E03F83A2A4A5CB8002DB130 /* Main.storyboard in Resources */ = {isa = PBXBuildFile; fileRef = 9E03F8382A4A5CB8002DB130 /* Main.storyboard */; };
		9E03F83C2A4A5CBB002DB130 /* Assets.xcassets in Resources */ = {isa = PBXBuildFile; fileRef = 9E03F83B2A4A5CBB002DB130 /* Assets.xcassets */; };
		9E03F83F2A4A5CBB002DB130 /* LaunchScreen.storyboard in Resources */ = {isa = PBXBuildFile; fileRef = 9E03F83D2A4A5CBB002DB130 /* LaunchScreen.storyboard */; };
		9E03F8422A4A5CBB002DB130 /* main.m in Sources */ = {isa = PBXBuildFile; fileRef = 9E03F8412A4A5CBB002DB130 /* main.m */; };
		9E03F84C2A4A5CBB002DB130 /* testTests.m in Sources */ = {isa = PBXBuildFile; fileRef = 9E03F84B2A4A5CBB002DB130 /* testTests.m */; };
		9E03F8562A4A5CBB002DB130 /* testUITests.m in Sources */ = {isa = PBXBuildFile; fileRef = 9E03F8552A4A5CBB002DB130 /* testUITests.m */; };
		9E03F8582A4A5CBB002DB130 /* testUITestsLaunchTests.m in Sources */ = {isa = PBXBuildFile; fileRef = 9E03F8572A4A5CBB002DB130 /* testUITestsLaunchTests.m */; };
/* End PBXBuildFile section */

/* Begin PBXContainerItemProxy section */
		9E03F8482A4A5CBB002DB130 /* PBXContainerItemProxy */ = {
			isa = PBXContainerItemProxy;
			containerPortal = 9E03F8242A4A5CB8002DB130 /* Project object */;
			proxyType = 1;
			remoteGlobalIDString = 9E03F82B2A4A5CB8002DB130;
			remoteInfo = test;
		};
		9E03F8522A4A5CBB002DB130 /* PBXContainerItemProxy */ = {
			isa = PBXContainerItemProxy;
			containerPortal = 9E03F8242A4A5CB8002DB130 /* Project object */;
			proxyType = 1;
			remoteGlobalIDString = 9E03F82B2A4A5CB8002DB130;
			remoteInfo = test;
		};
/* End PBXContainerItemProxy section */

/* Begin PBXFileReference section */
		9E03F82C2A4A5CB8002DB130 /* test.app */ = {isa = PBXFileReference; explicitFileType = wrapper.application; includeInIndex = 0; path = test.app; sourceTree = BUILT_PRODUCTS_DIR; };
		9E03F82F2A4A5CB8002DB130 /* AppDelegate.h */ = {isa = PBXFileReference; lastKnownFileType = sourcecode.c.h; path = AppDelegate.h; sourceTree = "<group>"; };
		9E03F8302A4A5CB8002DB130 /* AppDelegate.m */ = {isa = PBXFileReference; lastKnownFileType = sourcecode.c.objc; path = AppDelegate.m; sourceTree = "<group>"; };
		9E03F8322A4A5CB8002DB130 /* SceneDelegate.h */ = {isa = PBXFileReference; lastKnownFileType = sourcecode.c.h; path = SceneDelegate.h; sourceTree = "<group>"; };
		9E03F8332A4A5CB8002DB130 /* SceneDelegate.m */ = {isa = PBXFileReference; lastKnownFileType = sourcecode.c.objc; path = SceneDelegate.m; sourceTree = "<group>"; };
		9E03F8352A4A5CB8002DB130 /* ViewController.h */ = {isa = PBXFileReference; lastKnownFileType = sourcecode.c.h; path = ViewController.h; sourceTree = "<group>"; };
		9E03F8362A4A5CB8002DB130 /* ViewController.m */ = {isa = PBXFileReference; lastKnownFileType = sourcecode.c.objc; path = ViewController.m; sourceTree = "<group>"; };
		9E03F8392A4A5CB8002DB130 /* Base */ = {isa = PBXFileReference; lastKnownFileType = file.storyboard; name = Base; path = Base.lproj/Main.storyboard; sourceTree = "<group>"; };
		9E03F83B2A4A5CBB002DB130 /* Assets.xcassets */ = {isa = PBXFileReference; lastKnownFileType = folder.assetcatalog; path = Assets.xcassets; sourceTree = "<group>"; };
		9E03F83E2A4A5CBB002DB130 /* Base */ = {isa = PBXFileReference; lastKnownFileType = file.storyboard; name = Base; path = Base.lproj/LaunchScreen.storyboard; sourceTree = "<group>"; };
		9E03F8402A4A5CBB002DB130 /* Info.plist */ = {isa = PBXFileReference; lastKnownFileType = text.plist.xml; path = Info.plist; sourceTree = "<group>"; };
		9E03F8412A4A5CBB002DB130 /* main.m */ = {isa = PBXFileReference; lastKnownFileType = sourcecode.c.objc; path = main.m; sourceTree = "<group>"; };
		9E03F8472A4A5CBB002DB130 /* testTests.xctest */ = {isa = PBXFileReference; explicitFileType = wrapper.cfbundle; includeInIndex = 0; path = testTests.xctest; sourceTree = BUILT_PRODUCTS_DIR; };
		9E03F84B2A4A5CBB002DB130 /* testTests.m */ = {isa = PBXFileReference; lastKnownFileType = sourcecode.c.objc; path = testTests.m; sourceTree = "<group>"; };
		9E03F8512A4A5CBB002DB130 /* testUITests.xctest */ = {isa = PBXFileReference; explicitFileType = wrapper.cfbundle; includeInIndex = 0; path = testUITests.xctest; sourceTree = BUILT_PRODUCTS_DIR; };
		9E03F8552A4A5CBB002DB130 /* testUITests.m */ = {isa = PBXFileReference; lastKnownFileType = sourcecode.c.objc; path = testUITests.m; sourceTree = "<group>"; };
		9E03F8572A4A5CBB002DB130 /* testUITestsLaunchTests.m */ = {isa = PBXFileReference; lastKnownFileType = sourcecode.c.objc; path = testUITestsLaunchTests.m; sourceTree = "<group>"; };
/* End PBXFileReference section */

/* Begin PBXFrameworksBuildPhase section */
		9E03F8292A4A5CB8002DB130 /* Frameworks */ = {
			isa = PBXFrameworksBuildPhase;
			buildActionMask = 2147483647;
			files = (
			);
			runOnlyForDeploymentPostprocessing = 0;
		};
		9E03F8442A4A5CBB002DB130 /* Frameworks */ = {
			isa = PBXFrameworksBuildPhase;
			buildActionMask = 2147483647;
			files = (
			);
			runOnlyForDeploymentPostprocessing = 0;
		};
		9E03F84E2A4A5CBB002DB130 /* Frameworks */ = {
			isa = PBXFrameworksBuildPhase;
			buildActionMask = 2147483647;
			files = (
			);
			runOnlyForDeploymentPostprocessing = 0;
		};
/* End PBXFrameworksBuildPhase section */

/* Begin PBXGroup section */
		9E03F8232A4A5CB8002DB130 = {
			isa = PBXGroup;
			children = (
				9E03F82E2A4A5CB8002DB130 /* test */,
				9E03F84A2A4A5CBB002DB130 /* testTests */,
				9E03F8542A4A5CBB002DB130 /* testUITests */,
				9E03F82D2A4A5CB8002DB130 /* Products */,
			);
			sourceTree = "<group>";
		};
		9E03F82D2A4A5CB8002DB130 /* Products */ = {
			isa = PBXGroup;
			children = (
				9E03F82C2A4A5CB8002DB130 /* test.app */,
				9E03F8472A4A5CBB002DB130 /* testTests.xctest */,
				9E03F8512A4A5CBB002DB130 /* testUITests.xctest */,
			);
			name = Products;
			sourceTree = "<group>";
		};
		9E03F82E2A4A5CB8002DB130 /* test */ = {
			isa = PBXGroup;
			children = (
				9E03F82F2A4A5CB8002DB130 /* AppDelegate.h */,
				9E03F8302A4A5CB8002DB130 /* AppDelegate.m */,
				9E03F8322A4A5CB8002DB130 /* SceneDelegate.h */,
				9E03F8332A4A5CB8002DB130 /* SceneDelegate.m */,
				9E03F8352A4A5CB8002DB130 /* ViewController.h */,
				9E03F8362A4A5CB8002DB130 /* ViewController.m */,
				9E03F8382A4A5CB8002DB130 /* Main.storyboard */,
				9E03F83B2A4A5CBB002DB130 /* Assets.xcassets */,
				9E03F83D2A4A5CBB002DB130 /* LaunchScreen.storyboard */,
				9E03F8402A4A5CBB002DB130 /* Info.plist */,
				9E03F8412A4A5CBB002DB130 /* main.m */,
			);
			path = test;
			sourceTree = "<group>";
		};
		9E03F84A2A4A5CBB002DB130 /* testTests */ = {
			isa = PBXGroup;
			children = (
				9E03F84B2A4A5CBB002DB130 /* testTests.m */,
			);
			path = testTests;
			sourceTree = "<group>";
		};
		9E03F8542A4A5CBB002DB130 /* testUITests */ = {
			isa = PBXGroup;
			children = (
				9E03F8552A4A5CBB002DB130 /* testUITests.m */,
				9E03F8572A4A5CBB002DB130 /* testUITestsLaunchTests.m */,
			);
			path = testUITests;
			sourceTree = "<group>";
		};
/* End PBXGroup section */

/* Begin PBXNativeTarget section */
		9E03F82B2A4A5CB8002DB130 /* test */ = {
			isa = PBXNativeTarget;
			buildConfigurationList = 9E03F85B2A4A5CBB002DB130 /* Build configuration list for PBXNativeTarget "test" */;
			buildPhases = (
				9E03F8282A4A5CB8002DB130 /* Sources */,
				9E03F8292A4A5CB8002DB130 /* Frameworks */,
				9E03F82A2A4A5CB8002DB130 /* Resources */,
			);
			buildRules = (
			);
			dependencies = (
			);
			name = test;
			productName = test;
			productReference = 9E03F82C2A4A5CB8002DB130 /* test.app */;
			productType = "com.apple.product-type.application";
		};
		9E03F8462A4A5CBB002DB130 /* testTests */ = {
			isa = PBXNativeTarget;
			buildConfigurationList = 9E03F85E2A4A5CBB002DB130 /* Build configuration list for PBXNativeTarget "testTests" */;
			buildPhases = (
				9E03F8432A4A5CBB002DB130 /* Sources */,
				9E03F8442A4A5CBB002DB130 /* Frameworks */,
				9E03F8452A4A5CBB002DB130 /* Resources */,
			);
			buildRules = (
			);
			dependencies = (
				9E03F8492A4A5CBB002DB130 /* PBXTargetDependency */,
			);
			name = testTests;
			productName = testTests;
			productReference = 9E03F8472A4A5CBB002DB130 /* testTests.xctest */;
			productType = "com.apple.product-type.bundle.unit-test";
		};
		9E03F8502A4A5CBB002DB130 /* testUITests */ = {
			isa = PBXNativeTarget;
			buildConfigurationList = 9E03F8612A4A5CBB002DB130 /* Build configuration list for PBXNativeTarget "testUITests" */;
			buildPhases = (
				9E03F84D2A4A5CBB002DB130 /* Sources */,
				9E03F84E2A4A5CBB002DB130 /* Frameworks */,
				9E03F84F2A4A5CBB002DB130 /* Resources */,
			);
			buildRules = (
			);
			dependencies = (
				9E03F8532A4A5CBB002DB130 /* PBXTargetDependency */,
			);
			name = testUITests;
			productName = testUITests;
			productReference = 9E03F8512A4A5CBB002DB130 /* testUITests.xctest */;
			productType = "com.apple.product-type.bundle.ui-testing";
		};
/* End PBXNativeTarget section */

/* Begin PBXProject section */
		9E03F8242A4A5CB8002DB130 /* Project object */ = {
			isa = PBXProject;
			attributes = {
				BuildIndependentTargetsInParallel = 1;
				LastUpgradeCheck = 1420;
				TargetAttributes = {
					9E03F82B2A4A5CB8002DB130 = {
						CreatedOnToolsVersion = 14.2;
					};
					9E03F8462A4A5CBB002DB130 = {
						CreatedOnToolsVersion = 14.2;
						TestTargetID = 9E03F82B2A4A5CB8002DB130;
					};
					9E03F8502A4A5CBB002DB130 = {
						CreatedOnToolsVersion = 14.2;
						TestTargetID = 9E03F82B2A4A5CB8002DB130;
					};
				};
			};
			buildConfigurationList = 9E03F8272A4A5CB8002DB130 /* Build configuration list for PBXProject "test" */;
			compatibilityVersion = "Xcode 14.0";
			developmentRegion = en;
			hasScannedForEncodings = 0;
			knownRegions = (
				en,
				Base,
			);
			mainGroup = 9E03F8232A4A5CB8002DB130;
			productRefGroup = 9E03F82D2A4A5CB8002DB130 /* Products */;
			projectDirPath = "";
			projectRoot = "";
			targets = (
				9E03F82B2A4A5CB8002DB130 /* test */,
				9E03F8462A4A5CBB002DB130 /* testTests */,
				9E03F8502A4A5CBB002DB130 /* testUITests */,
			);
		};
/* End PBXProject section */

/* Begin PBXResourcesBuildPhase section */
		9E03F82A2A4A5CB8002DB130 /* Resources */ = {
			isa = PBXResourcesBuildPhase;
			buildActionMask = 2147483647;
			files = (
				9E03F83F2A4A5CBB002DB130 /* LaunchScreen.storyboard in Resources */,
				9E03F83C2A4A5CBB002DB130 /* Assets.xcassets in Resources */,
				9E03F83A2A4A5CB8002DB130 /* Main.storyboard in Resources */,
			);
			runOnlyForDeploymentPostprocessing = 0;
		};
		9E03F8452A4A5CBB002DB130 /* Resources */ = {
			isa = PBXResourcesBuildPhase;
			buildActionMask = 2147483647;
			files = (
			);
			runOnlyForDeploymentPostprocessing = 0;
		};
		9E03F84F2A4A5CBB002DB130 /* Resources */ = {
			isa = PBXResourcesBuildPhase;
			buildActionMask = 2147483647;
			files = (
			);
			runOnlyForDeploymentPostprocessing = 0;
		};
/* End PBXResourcesBuildPhase section */

/* Begin PBXSourcesBuildPhase section */
		9E03F8282A4A5CB8002DB130 /* Sources */ = {
			isa = PBXSourcesBuildPhase;
			buildActionMask = 2147483647;
			files = (
				9E03F8372A4A5CB8002DB130 /* ViewController.m in Sources */,
				9E03F8312A4A5CB8002DB130 /* AppDelegate.m in Sources */,
				9E03F8422A4A5CBB002DB130 /* main.m in Sources */,
				9E03F8342A4A5CB8002DB130 /* SceneDelegate.m in Sources */,
			);
			runOnlyForDeploymentPostprocessing = 0;
		};
		9E03F8432A4A5CBB002DB130 /* Sources */ = {
			isa = PBXSourcesBuildPhase;
			buildActionMask = 2147483647;
			files = (
				9E03F84C2A4A5CBB002DB130 /* testTests.m in Sources */,
			);
			runOnlyForDeploymentPostprocessing = 0;
		};
		9E03F84D2A4A5CBB002DB130 /* Sources */ = {
			isa = PBXSourcesBuildPhase;
			buildActionMask = 2147483647;
			files = (
				9E03F8582A4A5CBB002DB130 /* testUITestsLaunchTests.m in Sources */,
				9E03F8562A4A5CBB002DB130 /* testUITests.m in Sources */,
			);
			runOnlyForDeploymentPostprocessing = 0;
		};
/* End PBXSourcesBuildPhase section */

/* Begin PBXTargetDependency section */
		9E03F8492A4A5CBB002DB130 /* PBXTargetDependency */ = {
			isa = PBXTargetDependency;
			target = 9E03F82B2A4A5CB8002DB130 /* test */;
			targetProxy = 9E03F8482A4A5CBB002DB130 /* PBXContainerItemProxy */;
		};
		9E03F8532A4A5CBB002DB130 /* PBXTargetDependency */ = {
			isa = PBXTargetDependency;
			target = 9E03F82B2A4A5CB8002DB130 /* test */;
			targetProxy = 9E03F8522A4A5CBB002DB130 /* PBXContainerItemProxy */;
		};
/* End PBXTargetDependency section */

/* Begin PBXVariantGroup section */
		9E03F8382A4A5CB8002DB130 /* Main.storyboard */ = {
			isa = PBXVariantGroup;
			children = (
				9E03F8392A4A5CB8002DB130 /* Base */,
			);
			name = Main.storyboard;
			sourceTree = "<group>";
		};
		9E03F83D2A4A5CBB002DB130 /* LaunchScreen.storyboard */ = {
			isa = PBXVariantGroup;
			children = (
				9E03F83E2A4A5CBB002DB130 /* Base */,
			);
			name = LaunchScreen.storyboard;
			sourceTree = "<group>";
		};
/* End PBXVariantGroup section */

/* Begin XCBuildConfiguration section */
		9E03F8592A4A5CBB002DB130 /* Debug */ = {
			isa = XCBuildConfiguration;
			buildSettings = {
				ALWAYS_SEARCH_USER_PATHS = NO;
				CLANG_ANALYZER_NONNULL = YES;
				CLANG_ANALYZER_NUMBER_OBJECT_CONVERSION = YES_AGGRESSIVE;
				CLANG_CXX_LANGUAGE_STANDARD = "gnu++20";
				CLANG_ENABLE_MODULES = YES;
				CLANG_ENABLE_OBJC_ARC = YES;
				CLANG_ENABLE_OBJC_WEAK = YES;
				CLANG_WARN_BLOCK_CAPTURE_AUTORELEASING = YES;
				CLANG_WARN_BOOL_CONVERSION = YES;
				CLANG_WARN_COMMA = YES;
				CLANG_WARN_CONSTANT_CONVERSION = YES;
				CLANG_WARN_DEPRECATED_OBJC_IMPLEMENTATIONS = YES;
				CLANG_WARN_DIRECT_OBJC_ISA_USAGE = YES_ERROR;
				CLANG_WARN_DOCUMENTATION_COMMENTS = YES;
				CLANG_WARN_EMPTY_BODY = YES;
				CLANG_WARN_ENUM_CONVERSION = YES;
				CLANG_WARN_INFINITE_RECURSION = YES;
				CLANG_WARN_INT_CONVERSION = YES;
				CLANG_WARN_NON_LITERAL_NULL_CONVERSION = YES;
				CLANG_WARN_OBJC_IMPLICIT_RETAIN_SELF = YES;
				CLANG_WARN_OBJC_LITERAL_CONVERSION = YES;
				CLANG_WARN_OBJC_ROOT_CLASS = YES_ERROR;
				CLANG_WARN_QUOTED_INCLUDE_IN_FRAMEWORK_HEADER = YES;
				CLANG_WARN_RANGE_LOOP_ANALYSIS = YES;
				CLANG_WARN_STRICT_PROTOTYPES = YES;
				CLANG_WARN_SUSPICIOUS_MOVE = YES;
				CLANG_WARN_UNGUARDED_AVAILABILITY = YES_AGGRESSIVE;
				CLANG_WARN_UNREACHABLE_CODE = YES;
				CLANG_WARN__DUPLICATE_METHOD_MATCH = YES;
				COPY_PHASE_STRIP = NO;
				DEBUG_INFORMATION_FORMAT = dwarf;
				ENABLE_STRICT_OBJC_MSGSEND = YES;
				ENABLE_TESTABILITY = YES;
				GCC_C_LANGUAGE_STANDARD = gnu11;
				GCC_DYNAMIC_NO_PIC = NO;
				GCC_NO_COMMON_BLOCKS = YES;
				GCC_OPTIMIZATION_LEVEL = 0;
				GCC_PREPROCESSOR_DEFINITIONS = (
					"DEBUG=1",
					"$(inherited)",
				);
				GCC_WARN_64_TO_32_BIT_CONVERSION = YES;
				GCC_WARN_ABOUT_RETURN_TYPE = YES_ERROR;
				GCC_WARN_UNDECLARED_SELECTOR = YES;
				GCC_WARN_UNINITIALIZED_AUTOS = YES_AGGRESSIVE;
				GCC_WARN_UNUSED_FUNCTION = YES;
				GCC_WARN_UNUSED_VARIABLE = YES;
				IPHONEOS_DEPLOYMENT_TARGET = 16.2;
				MTL_ENABLE_DEBUG_INFO = INCLUDE_SOURCE;
				MTL_FAST_MATH = YES;
				ONLY_ACTIVE_ARCH = YES;
				SDKROOT = iphoneos;
			};
			name = Debug;
		};
		9E03F85A2A4A5CBB002DB130 /* Release */ = {
			isa = XCBuildConfiguration;
			buildSettings = {
				ALWAYS_SEARCH_USER_PATHS = NO;
				CLANG_ANALYZER_NONNULL = YES;
				CLANG_ANALYZER_NUMBER_OBJECT_CONVERSION = YES_AGGRESSIVE;
				CLANG_CXX_LANGUAGE_STANDARD = "gnu++20";
				CLANG_ENABLE_MODULES = YES;
				CLANG_ENABLE_OBJC_ARC = YES;
				CLANG_ENABLE_OBJC_WEAK = YES;
				CLANG_WARN_BLOCK_CAPTURE_AUTORELEASING = YES;
				CLANG_WARN_BOOL_CONVERSION = YES;
				CLANG_WARN_COMMA = YES;
				CLANG_WARN_CONSTANT_CONVERSION = YES;
				CLANG_WARN_DEPRECATED_OBJC_IMPLEMENTATIONS = YES;
				CLANG_WARN_DIRECT_OBJC_ISA_USAGE = YES_ERROR;
				CLANG_WARN_DOCUMENTATION_COMMENTS = YES;
				CLANG_WARN_EMPTY_BODY = YES;
				CLANG_WARN_ENUM_CONVERSION = YES;
				CLANG_WARN_INFINITE_RECURSION = YES;
				CLANG_WARN_INT_CONVERSION = YES;
				CLANG_WARN_NON_LITERAL_NULL_CONVERSION = YES;
				CLANG_WARN_OBJC_IMPLICIT_RETAIN_SELF = YES;
				CLANG_WARN_OBJC_LITERAL_CONVERSION = YES;
				CLANG_WARN_OBJC_ROOT_CLASS = YES_ERROR;
				CLANG_WARN_QUOTED_INCLUDE_IN_FRAMEWORK_HEADER = YES;
				CLANG_WARN_RANGE_LOOP_ANALYSIS = YES;
				CLANG_WARN_STRICT_PROTOTYPES = YES;
				CLANG_WARN_SUSPICIOUS_MOVE = YES;
				CLANG_WARN_UNGUARDED_AVAILABILITY = YES_AGGRESSIVE;
				CLANG_WARN_UNREACHABLE_CODE = YES;
				CLANG_WARN__DUPLICATE_METHOD_MATCH = YES;
				COPY_PHASE_STRIP = NO;
				DEBUG_INFORMATION_FORMAT = "dwarf-with-dsym";
				ENABLE_NS_ASSERTIONS = NO;
				ENABLE_STRICT_OBJC_MSGSEND = YES;
				GCC_C_LANGUAGE_STANDARD = gnu11;
				GCC_NO_COMMON_BLOCKS = YES;
				GCC_WARN_64_TO_32_BIT_CONVERSION = YES;
				GCC_WARN_ABOUT_RETURN_TYPE = YES_ERROR;
				GCC_WARN_UNDECLARED_SELECTOR = YES;
				GCC_WARN_UNINITIALIZED_AUTOS = YES_AGGRESSIVE;
				GCC_WARN_UNUSED_FUNCTION = YES;
				GCC_WARN_UNUSED_VARIABLE = YES;
				IPHONEOS_DEPLOYMENT_TARGET = 16.2;
				MTL_ENABLE_DEBUG_INFO = NO;
				MTL_FAST_MATH = YES;
				SDKROOT = iphoneos;
				VALIDATE_PRODUCT = YES;
			};
			name = Release;
		};
		9E03F85C2A4A5CBB002DB130 /* Debug */ = {
			isa = XCBuildConfiguration;
			buildSettings = {
				ASSETCATALOG_COMPILER_APPICON_NAME = AppIcon;
				ASSETCATALOG_COMPILER_GLOBAL_ACCENT_COLOR_NAME = AccentColor;
				CODE_SIGN_STYLE = Automatic;
				CURRENT_PROJECT_VERSION = 1;
				DEVELOPMENT_TEAM = 39LDUJS32M;
				GENERATE_INFOPLIST_FILE = YES;
				INFOPLIST_FILE = test/Info.plist;
				INFOPLIST_KEY_UIApplicationSupportsIndirectInputEvents = YES;
				INFOPLIST_KEY_UILaunchStoryboardName = LaunchScreen;
				INFOPLIST_KEY_UIMainStoryboardFile = Main;
				INFOPLIST_KEY_UISupportedInterfaceOrientations_iPad = "UIInterfaceOrientationPortrait UIInterfaceOrientationPortraitUpsideDown UIInterfaceOrientationLandscapeLeft UIInterfaceOrientationLandscapeRight";
				INFOPLIST_KEY_UISupportedInterfaceOrientations_iPhone = "UIInterfaceOrientationPortrait UIInterfaceOrientationLandscapeLeft UIInterfaceOrientationLandscapeRight";
				LD_RUNPATH_SEARCH_PATHS = (
					"$(inherited)",
					"@executable_path/Frameworks",
				);
				MARKETING_VERSION = 1.0;
				PRODUCT_BUNDLE_IDENTIFIER = com.test.test;
				PRODUCT_NAME = "$(TARGET_NAME)";
				SWIFT_EMIT_LOC_STRINGS = YES;
				TARGETED_DEVICE_FAMILY = "1,2";
			};
			name = Debug;
		};
		9E03F85D2A4A5CBB002DB130 /* Release */ = {
			isa = XCBuildConfiguration;
			buildSettings = {
				ASSETCATALOG_COMPILER_APPICON_NAME = AppIcon;
				ASSETCATALOG_COMPILER_GLOBAL_ACCENT_COLOR_NAME = AccentColor;
				CODE_SIGN_STYLE = Automatic;
				CURRENT_PROJECT_VERSION = 1;
				DEVELOPMENT_TEAM = 39LDUJS32M;
				GENERATE_INFOPLIST_FILE = YES;
				INFOPLIST_FILE = test/Info.plist;
				INFOPLIST_KEY_UIApplicationSupportsIndirectInputEvents = YES;
				INFOPLIST_KEY_UILaunchStoryboardName = LaunchScreen;
				INFOPLIST_KEY_UIMainStoryboardFile = Main;
				INFOPLIST_KEY_UISupportedInterfaceOrientations_iPad = "UIInterfaceOrientationPortrait UIInterfaceOrientationPortraitUpsideDown UIInterfaceOrientationLandscapeLeft UIInterfaceOrientationLandscapeRight";
				INFOPLIST_KEY_UISupportedInterfaceOrientations_iPhone = "UIInterfaceOrientationPortrait UIInterfaceOrientationLandscapeLeft UIInterfaceOrientationLandscapeRight";
				LD_RUNPATH_SEARCH_PATHS = (
					"$(inherited)",
					"@executable_path/Frameworks",
				);
				MARKETING_VERSION = 1.0;
				PRODUCT_BUNDLE_IDENTIFIER = com.test.test;
				PRODUCT_NAME = "$(TARGET_NAME)";
				SWIFT_EMIT_LOC_STRINGS = YES;
				TARGETED_DEVICE_FAMILY = "1,2";
			};
			name = Release;
		};
		9E03F85F2A4A5CBB002DB130 /* Debug */ = {
			isa = XCBuildConfiguration;
			buildSettings = {
				BUNDLE_LOADER = "$(TEST_HOST)";
				CODE_SIGN_STYLE = Automatic;
				CURRENT_PROJECT_VERSION = 1;
				DEVELOPMENT_TEAM = 39LDUJS32M;
				GENERATE_INFOPLIST_FILE = YES;
				IPHONEOS_DEPLOYMENT_TARGET = 16.2;
				MARKETING_VERSION = 1.0;
				PRODUCT_BUNDLE_IDENTIFIER = com.test.testTests;
				PRODUCT_NAME = "$(TARGET_NAME)";
				SWIFT_EMIT_LOC_STRINGS = NO;
				TARGETED_DEVICE_FAMILY = "1,2";
				TEST_HOST = "$(BUILT_PRODUCTS_DIR)/test.app/$(BUNDLE_EXECUTABLE_FOLDER_PATH)/test";
			};
			name = Debug;
		};
		9E03F8602A4A5CBB002DB130 /* Release */ = {
			isa = XCBuildConfiguration;
			buildSettings = {
				BUNDLE_LOADER = "$(TEST_HOST)";
				CODE_SIGN_STYLE = Automatic;
				CURRENT_PROJECT_VERSION = 1;
				DEVELOPMENT_TEAM = 39LDUJS32M;
				GENERATE_INFOPLIST_FILE = YES;
				IPHONEOS_DEPLOYMENT_TARGET = 16.2;
				MARKETING_VERSION = 1.0;
				PRODUCT_BUNDLE_IDENTIFIER = com.test.testTests;
				PRODUCT_NAME = "$(TARGET_NAME)";
				SWIFT_EMIT_LOC_STRINGS = NO;
				TARGETED_DEVICE_FAMILY = "1,2";
				TEST_HOST = "$(BUILT_PRODUCTS_DIR)/test.app/$(BUNDLE_EXECUTABLE_FOLDER_PATH)/test";
			};
			name = Release;
		};
		9E03F8622A4A5CBB002DB130 /* Debug */ = {
			isa = XCBuildConfiguration;
			buildSettings = {
				CODE_SIGN_STYLE = Automatic;
				CURRENT_PROJECT_VERSION = 1;
				DEVELOPMENT_TEAM = 39LDUJS32M;
				GENERATE_INFOPLIST_FILE = YES;
				MARKETING_VERSION = 1.0;
				PRODUCT_BUNDLE_IDENTIFIER = com.test.testUITests;
				PRODUCT_NAME = "$(TARGET_NAME)";
				SWIFT_EMIT_LOC_STRINGS = NO;
				TARGETED_DEVICE_FAMILY = "1,2";
				TEST_TARGET_NAME = test;
			};
			name = Debug;
		};
		9E03F8632A4A5CBB002DB130 /* Release */ = {
			isa = XCBuildConfiguration;
			buildSettings = {
				CODE_SIGN_STYLE = Automatic;
				CURRENT_PROJECT_VERSION = 1;
				DEVELOPMENT_TEAM = 39LDUJS32M;
				GENERATE_INFOPLIST_FILE = YES;
				MARKETING_VERSION = 1.0;
				PRODUCT_BUNDLE_IDENTIFIER = com.test.testUITests;
				PRODUCT_NAME = "$(TARGET_NAME)";
				SWIFT_EMIT_LOC_STRINGS = NO;
				TARGETED_DEVICE_FAMILY = "1,2";
				TEST_TARGET_NAME = test;
			};
			name = Release;
		};
/* End XCBuildConfiguration section */

/* Begin XCConfigurationList section */
		9E03F8272A4A5CB8002DB130 /* Build configuration list for PBXProject "test" */ = {
			isa = XCConfigurationList;
			buildConfigurations = (
				9E03F8592A4A5CBB002DB130 /* Debug */,
				9E03F85A2A4A5CBB002DB130 /* Release */,
			);
			defaultConfigurationIsVisible = 0;
			defaultConfigurationName = Release;
		};
		9E03F85B2A4A5CBB002DB130 /* Build configuration list for PBXNativeTarget "test" */ = {
			isa = XCConfigurationList;
			buildConfigurations = (
				9E03F85C2A4A5CBB002DB130 /* Debug */,
				9E03F85D2A4A5CBB002DB130 /* Release */,
			);
			defaultConfigurationIsVisible = 0;
			defaultConfigurationName = Release;
		};
		9E03F85E2A4A5CBB002DB130 /* Build configuration list for PBXNativeTarget "testTests" */ = {
			isa = XCConfigurationList;
			buildConfigurations = (
				9E03F85F2A4A5CBB002DB130 /* Debug */,
				9E03F8602A4A5CBB002DB130 /* Release */,
			);
			defaultConfigurationIsVisible = 0;
			defaultConfigurationName = Release;
		};
		9E03F8612A4A5CBB002DB130 /* Build configuration list for PBXNativeTarget "testUITests" */ = {
			isa = XCConfigurationList;
			buildConfigurations = (
				9E03F8622A4A5CBB002DB130 /* Debug */,
				9E03F8632A4A5CBB002DB130 /* Release */,
			);
			defaultConfigurationIsVisible = 0;
			defaultConfigurationName = Release;
		};
/* End XCConfigurationList section */
	};
	rootObject = 9E03F8242A4A5CB8002DB130 /* Project object */;
}
